
Microsoft Visual Studio Solution File, Format Version 12.00
# Visual Studio 14
VisualStudioVersion = 14.0.25420.1
MinimumVisualStudioVersion = 10.0.40219.1
Project("{FAE04EC0-301F-11D3-BF4B-00C04F79EFBC}") = "StaffTrackingActivities", "StaffTrackingActivities\StaffTrackingActivities.csproj", "{59F8FE14-F3CF-409F-93C6-73B64B7178F5}"
EndProject
Project("{FAE04EC0-301F-11D3-BF4B-00C04F79EFBC}") = "ConsoleApplication1", "ConsoleApplication1\ConsoleApplication1.csproj", "{C6186BBF-7943-470A-A411-80C90C47AF68}"
EndProject
Project("{FAE04EC0-301F-11D3-BF4B-00C04F79EFBC}") = "DisplayTasks", "DisplayTasks\DisplayTasks.csproj", "{E5B18FD9-CF82-42FE-A27D-CBC7DE3985CE}"
EndProject
Project("{FAE04EC0-301F-11D3-BF4B-00C04F79EFBC}") = "StaffTrackingActivitiesTests", "StaffTrackingActivitiesTests\StaffTrackingActivitiesTests.csproj", "{16D94FDE-6ED7-42DC-8532-8155D6AFC1D3}"
EndProject
Global
	GlobalSection(SolutionConfigurationPlatforms) = preSolution
		Debug|Any CPU = Debug|Any CPU
		Release|Any CPU = Release|Any CPU
	EndGlobalSection
	GlobalSection(ProjectConfigurationPlatforms) = postSolution
		{59F8FE14-F3CF-409F-93C6-73B64B7178F5}.Debug|Any CPU.ActiveCfg = Debug|Any CPU
		{59F8FE14-F3CF-409F-93C6-73B64B7178F5}.Debug|Any CPU.Build.0 = Debug|Any CPU
		{59F8FE14-F3CF-409F-93C6-73B64B7178F5}.Release|Any CPU.ActiveCfg = Release|Any CPU
		{59F8FE14-F3CF-409F-93C6-73B64B7178F5}.Release|Any CPU.Build.0 = Release|Any CPU
		{C6186BBF-7943-470A-A411-80C90C47AF68}.Debug|Any CPU.ActiveCfg = Debug|Any CPU
		{C6186BBF-7943-470A-A411-80C90C47AF68}.Debug|Any CPU.Build.0 = Debug|Any CPU
		{C6186BBF-7943-470A-A411-80C90C47AF68}.Release|Any CPU.ActiveCfg = Release|Any CPU
		{C6186BBF-7943-470A-A411-80C90C47AF68}.Release|Any CPU.Build.0 = Release|Any CPU
		{E5B18FD9-CF82-42FE-A27D-CBC7DE3985CE}.Debug|Any CPU.ActiveCfg = Debug|Any CPU
		{E5B18FD9-CF82-42FE-A27D-CBC7DE3985CE}.Debug|Any CPU.Build.0 = Debug|Any CPU
		{E5B18FD9-CF82-42FE-A27D-CBC7DE3985CE}.Release|Any CPU.ActiveCfg = Release|Any CPU
		{E5B18FD9-CF82-42FE-A27D-CBC7DE3985CE}.Release|Any CPU.Build.0 = Release|Any CPU
		{16D94FDE-6ED7-42DC-8532-8155D6AFC1D3}.Debug|Any CPU.ActiveCfg = Debug|Any CPU
		{16D94FDE-6ED7-42DC-8532-8155D6AFC1D3}.Debug|Any CPU.Build.0 = Debug|Any CPU
		{16D94FDE-6ED7-42DC-8532-8155D6AFC1D3}.Release|Any CPU.ActiveCfg = Release|Any CPU
		{16D94FDE-6ED7-42DC-8532-8155D6AFC1D3}.Release|Any CPU.Build.0 = Release|Any CPU
	EndGlobalSection
	GlobalSection(SolutionProperties) = preSolution
		HideSolutionNode = FALSE
	EndGlobalSection
EndGlobal
